PODS:
  - Flutter (1.0.0)
  - fluttertoast (0.0.2):
    - Flutter
    - Toast
  - gt_onelogin_flutter_plugin (0.0.1):
    - Flutter
    - OneLoginSDK-iOS
  - OneLoginSDK-iOS (2.7.4):
    - OneLoginSDK-iOS/Main (= 2.7.4)
  - OneLoginSDK-iOS/Main (2.7.4)
  - Toast (4.0.0)

DEPENDENCIES:
  - Flutter (from `Flutter`)
  - fluttertoast (from `.symlinks/plugins/fluttertoast/ios`)
  - gt_onelogin_flutter_plugin (from `.symlinks/plugins/gt_onelogin_flutter_plugin/ios`)

SPEC REPOS:
  trunk:
    - OneLoginSDK-iOS
    - Toast

EXTERNAL SOURCES:
  Flutter:
    :path: Flutter
  fluttertoast:
    :path: ".symlinks/plugins/fluttertoast/ios"
  gt_onelogin_flutter_plugin:
    :path: ".symlinks/plugins/gt_onelogin_flutter_plugin/ios"

SPEC CHECKSUMS:
  Flutter: 50d75fe2f02b26cc09d224853bb45737f8b3214a
  fluttertoast: 16fbe6039d06a763f3533670197d01fc73459037
  gt_onelogin_flutter_plugin: 1eb8b5f9100e4cfcaae3c9f0e445ae0e5b56cdf3
  OneLoginSDK-iOS: 558e76e826aa84c7825ed1f879e99c81037192e3
  Toast: 91b396c56ee72a5790816f40d3a94dd357abc196

PODFILE CHECKSUM: 8e679eca47255a8ca8067c4c67aab20e64cb974d

COCOAPODS: 1.11.2
