PODS:
  - Flutter (1.0.0)
  - gt_onelogin_flutter_plugin (0.0.1):
    - Flutter
    - OneLoginSDK-iOS
  - OneLoginSDK-iOS (2.6.0):
    - OneLoginSDK-iOS/Main (= 2.6.0)
  - OneLoginSDK-iOS/Main (2.6.0)

DEPENDENCIES:
  - Flutter (from `Flutter`)
  - gt_onelogin_flutter_plugin (from `.symlinks/plugins/gt_onelogin_flutter_plugin/ios`)

SPEC REPOS:
  trunk:
    - OneLoginSDK-iOS

EXTERNAL SOURCES:
  Flutter:
    :path: Flutter
  gt_onelogin_flutter_plugin:
    :path: ".symlinks/plugins/gt_onelogin_flutter_plugin/ios"

SPEC CHECKSUMS:
  Flutter: 50d75fe2f02b26cc09d224853bb45737f8b3214a
  gt_onelogin_flutter_plugin: 1cb98eb6c11309dd486096397ab124282f1801fe
  OneLoginSDK-iOS: bf6644ed8abe042db7b2aca7fa2f034bf7eb9533

PODFILE CHECKSUM: 8e679eca47255a8ca8067c4c67aab20e64cb974d

COCOAPODS: 1.11.0.beta.2
