PODS:
  - Flutter (1.0.0)
  - fluttertoast (0.0.2):
    - Flutter
    - Toast
  - gt_onelogin_flutter_plugin (0.0.1):
    - Flutter
    - OneLoginSDK-iOS-xcframework
  - OneLoginSDK-iOS-xcframework (2.8.6):
    - OneLoginSDK-iOS-xcframework/Main (= 2.8.6)
  - OneLoginSDK-iOS-xcframework/Main (2.8.6)
  - Toast (4.0.0)

DEPENDENCIES:
  - Flutter (from `Flutter`)
  - fluttertoast (from `.symlinks/plugins/fluttertoast/ios`)
  - gt_onelogin_flutter_plugin (from `.symlinks/plugins/gt_onelogin_flutter_plugin/ios`)

SPEC REPOS:
  trunk:
    - OneLoginSDK-iOS-xcframework
    - Toast

EXTERNAL SOURCES:
  Flutter:
    :path: Flutter
  fluttertoast:
    :path: ".symlinks/plugins/fluttertoast/ios"
  gt_onelogin_flutter_plugin:
    :path: ".symlinks/plugins/gt_onelogin_flutter_plugin/ios"

SPEC CHECKSUMS:
  Flutter: f04841e97a9d0b0a8025694d0796dd46242b2854
  fluttertoast: fafc4fa4d01a6a9e4f772ecd190ffa525e9e2d9c
  gt_onelogin_flutter_plugin: a8f5adcf1c40a59965d9b4f8ddbf5e927398b405
  OneLoginSDK-iOS-xcframework: cac6879dbab85f608595fe0d37e4441996d5fac8
  Toast: 91b396c56ee72a5790816f40d3a94dd357abc196

PODFILE CHECKSUM: 663715e941f9adb426e33bf9376914006f9ea95b

COCOAPODS: 1.12.1
